
Microsoft Visual Studio Solution File, Format Version 12.00
# Visual Studio Version 16
VisualStudioVersion = 16.0.29911.84
MinimumVisualStudioVersion = 10.0.40219.1
Project("{9A19103F-16F7-4668-BE54-9A1E7A4F7556}") = "REST.Application", ".\Application\REST.Application.csproj", "{5EA24B22-943E-4E1E-BD6D-8AFEBA656BB6}"
	ProjectSection(ProjectDependencies) = postProject
		{30ECF030-3B59-4674-94E5-47176770E6C6} = {30ECF030-3B59-4674-94E5-47176770E6C6}
	EndProjectSection
EndProject
Project("{FAE04EC0-301F-11D3-BF4B-00C04F79EFBC}") = "REST.Domain", ".\Domain\REST.Domain.csproj", "{C01B03BC-FF20-46AE-8DD8-B4785D208FE9}"
EndProject
Project("{FAE04EC0-301F-11D3-BF4B-00C04F79EFBC}") = "REST.Infrastructure", ".\Infrastructure\REST.Infrastructure.csproj", "{30ECF030-3B59-4674-94E5-47176770E6C6}"
EndProject
Global
	GlobalSection(SolutionConfigurationPlatforms) = preSolution
		Debug|Any CPU = Debug|Any CPU
		Release|Any CPU = Release|Any CPU
	EndGlobalSection
	GlobalSection(ProjectConfigurationPlatforms) = postSolution
		{5EA24B22-943E-4E1E-BD6D-8AFEBA656BB6}.Debug|Any CPU.ActiveCfg = Debug|Any CPU
		{5EA24B22-943E-4E1E-BD6D-8AFEBA656BB6}.Debug|Any CPU.Build.0 = Debug|Any CPU
		{5EA24B22-943E-4E1E-BD6D-8AFEBA656BB6}.Release|Any CPU.ActiveCfg = Release|Any CPU
		{5EA24B22-943E-4E1E-BD6D-8AFEBA656BB6}.Release|Any CPU.Build.0 = Release|Any CPU
		{C01B03BC-FF20-46AE-8DD8-B4785D208FE9}.Debug|Any CPU.ActiveCfg = Debug|Any CPU
		{C01B03BC-FF20-46AE-8DD8-B4785D208FE9}.Debug|Any CPU.Build.0 = Debug|Any CPU
		{C01B03BC-FF20-46AE-8DD8-B4785D208FE9}.Release|Any CPU.ActiveCfg = Release|Any CPU
		{C01B03BC-FF20-46AE-8DD8-B4785D208FE9}.Release|Any CPU.Build.0 = Release|Any CPU
		{30ECF030-3B59-4674-94E5-47176770E6C6}.Debug|Any CPU.ActiveCfg = Debug|Any CPU
		{30ECF030-3B59-4674-94E5-47176770E6C6}.Debug|Any CPU.Build.0 = Debug|Any CPU
		{30ECF030-3B59-4674-94E5-47176770E6C6}.Release|Any CPU.ActiveCfg = Release|Any CPU
		{30ECF030-3B59-4674-94E5-47176770E6C6}.Release|Any CPU.Build.0 = Release|Any CPU
	EndGlobalSection
	GlobalSection(SolutionProperties) = preSolution
		HideSolutionNode = FALSE
	EndGlobalSection
	GlobalSection(ExtensibilityGlobals) = postSolution
		SolutionGuid = {F645155F-B3F4-4277-A173-389DACE79323}
	EndGlobalSection
EndGlobal
